// !$*UTF8*$!
{
	archiveVersion = 1;
	classes = {
	};
	objectVersion = 50;
	objects = {

/* Begin PBXBuildFile section */
		5A97E27FE970ACF260A962CA /* Pods_SNAP.framework in Frameworks */ = {isa = PBXBuildFile; fileRef = F1462D7B7405FC04199FD39A /* Pods_SNAP.framework */; };
		65B3E0092212E1060037CDCD /* TrailController.swift in Sources */ = {isa = PBXBuildFile; fileRef = 65B3E0082212E1060037CDCD /* TrailController.swift */; };
		65B61E6D2212E2C80048F980 /* First.storyboard in Resources */ = {isa = PBXBuildFile; fileRef = 65B61E6C2212E2C80048F980 /* First.storyboard */; };
		65BFAD5E2212D5F7002E08FC /* AppDelegate.swift in Sources */ = {isa = PBXBuildFile; fileRef = 65BFAD5D2212D5F7002E08FC /* AppDelegate.swift */; };
		65BFAD602212D5F7002E08FC /* FirstViewController.swift in Sources */ = {isa = PBXBuildFile; fileRef = 65BFAD5F2212D5F7002E08FC /* FirstViewController.swift */; };
		65BFAD622212D5F7002E08FC /* SecondViewController.swift in Sources */ = {isa = PBXBuildFile; fileRef = 65BFAD612212D5F7002E08FC /* SecondViewController.swift */; };
		65BFAD652212D5F7002E08FC /* Main.storyboard in Resources */ = {isa = PBXBuildFile; fileRef = 65BFAD632212D5F7002E08FC /* Main.storyboard */; };
		65BFAD672212D5F8002E08FC /* Assets.xcassets in Resources */ = {isa = PBXBuildFile; fileRef = 65BFAD662212D5F8002E08FC /* Assets.xcassets */; };
		65BFAD6A2212D5F8002E08FC /* LaunchScreen.storyboard in Resources */ = {isa = PBXBuildFile; fileRef = 65BFAD682212D5F8002E08FC /* LaunchScreen.storyboard */; };
		65BFAD752212D5F8002E08FC /* SNAPTests.swift in Sources */ = {isa = PBXBuildFile; fileRef = 65BFAD742212D5F8002E08FC /* SNAPTests.swift */; };
		65FF3D312212DA680092C442 /* FirstViewControllerTests.swift in Sources */ = {isa = PBXBuildFile; fileRef = 65FF3D302212DA680092C442 /* FirstViewControllerTests.swift */; };
		65FF3D332212DB9F0092C442 /* TestCase.swift in Sources */ = {isa = PBXBuildFile; fileRef = 65FF3D322212DB9F0092C442 /* TestCase.swift */; };
		6EEA8CF047D123EA716ED380 /* Pods_SNAPTests.framework in Frameworks */ = {isa = PBXBuildFile; fileRef = 7CD5B5CDAB5DA15A166FF50E /* Pods_SNAPTests.framework */; };
/* End PBXBuildFile section */

/* Begin PBXContainerItemProxy section */
		65BFAD712212D5F8002E08FC /* PBXContainerItemProxy */ = {
			isa = PBXContainerItemProxy;
			containerPortal = 65BFAD522212D5F7002E08FC /* Project object */;
			proxyType = 1;
			remoteGlobalIDString = 65BFAD592212D5F7002E08FC;
			remoteInfo = SNAP;
		};
/* End PBXContainerItemProxy section */

/* Begin PBXFileReference section */
		265B18122BB656E94C654B49 /* Pods-SNAPTests.release.xcconfig */ = {isa = PBXFileReference; includeInIndex = 1; lastKnownFileType = text.xcconfig; name = "Pods-SNAPTests.release.xcconfig"; path = "Target Support Files/Pods-SNAPTests/Pods-SNAPTests.release.xcconfig"; sourceTree = "<group>"; };
		42F311A82BB85FC0D814A165 /* Pods-SNAPTests.debug.xcconfig */ = {isa = PBXFileReference; includeInIndex = 1; lastKnownFileType = text.xcconfig; name = "Pods-SNAPTests.debug.xcconfig"; path = "Target Support Files/Pods-SNAPTests/Pods-SNAPTests.debug.xcconfig"; sourceTree = "<group>"; };
		65B3E0082212E1060037CDCD /* TrailController.swift */ = {isa = PBXFileReference; lastKnownFileType = sourcecode.swift; path = TrailController.swift; sourceTree = "<group>"; };
		65B61E6C2212E2C80048F980 /* First.storyboard */ = {isa = PBXFileReference; fileEncoding = 4; lastKnownFileType = file.storyboard; path = First.storyboard; sourceTree = "<group>"; };
		65BFAD5A2212D5F7002E08FC /* SNAP.app */ = {isa = PBXFileReference; explicitFileType = wrapper.application; includeInIndex = 0; path = SNAP.app; sourceTree = BUILT_PRODUCTS_DIR; };
		65BFAD5D2212D5F7002E08FC /* AppDelegate.swift */ = {isa = PBXFileReference; lastKnownFileType = sourcecode.swift; path = AppDelegate.swift; sourceTree = "<group>"; };
		65BFAD5F2212D5F7002E08FC /* FirstViewController.swift */ = {isa = PBXFileReference; lastKnownFileType = sourcecode.swift; path = FirstViewController.swift; sourceTree = "<group>"; };
		65BFAD612212D5F7002E08FC /* SecondViewController.swift */ = {isa = PBXFileReference; lastKnownFileType = sourcecode.swift; path = SecondViewController.swift; sourceTree = "<group>"; };
		65BFAD642212D5F7002E08FC /* Base */ = {isa = PBXFileReference; lastKnownFileType = file.storyboard; name = Base; path = Base.lproj/Main.storyboard; sourceTree = "<group>"; };
		65BFAD662212D5F8002E08FC /* Assets.xcassets */ = {isa = PBXFileReference; lastKnownFileType = folder.assetcatalog; path = Assets.xcassets; sourceTree = "<group>"; };
		65BFAD692212D5F8002E08FC /* Base */ = {isa = PBXFileReference; lastKnownFileType = file.storyboard; name = Base; path = Base.lproj/LaunchScreen.storyboard; sourceTree = "<group>"; };
		65BFAD6B2212D5F8002E08FC /* Info.plist */ = {isa = PBXFileReference; lastKnownFileType = text.plist.xml; path = Info.plist; sourceTree = "<group>"; };
		65BFAD702212D5F8002E08FC /* SNAPTests.xctest */ = {isa = PBXFileReference; explicitFileType = wrapper.cfbundle; includeInIndex = 0; path = SNAPTests.xctest; sourceTree = BUILT_PRODUCTS_DIR; };
		65BFAD742212D5F8002E08FC /* SNAPTests.swift */ = {isa = PBXFileReference; lastKnownFileType = sourcecode.swift; path = SNAPTests.swift; sourceTree = "<group>"; };
		65BFAD762212D5F8002E08FC /* Info.plist */ = {isa = PBXFileReference; lastKnownFileType = text.plist.xml; path = Info.plist; sourceTree = "<group>"; };
		65FF3D302212DA680092C442 /* FirstViewControllerTests.swift */ = {isa = PBXFileReference; lastKnownFileType = sourcecode.swift; path = FirstViewControllerTests.swift; sourceTree = "<group>"; };
		65FF3D322212DB9F0092C442 /* TestCase.swift */ = {isa = PBXFileReference; lastKnownFileType = sourcecode.swift; path = TestCase.swift; sourceTree = "<group>"; };
		7CD5B5CDAB5DA15A166FF50E /* Pods_SNAPTests.framework */ = {isa = PBXFileReference; explicitFileType = wrapper.framework; includeInIndex = 0; path = Pods_SNAPTests.framework; sourceTree = BUILT_PRODUCTS_DIR; };
		99D3B92A3C9A0C5C5899FD58 /* Pods-SNAP.debug.xcconfig */ = {isa = PBXFileReference; includeInIndex = 1; lastKnownFileType = text.xcconfig; name = "Pods-SNAP.debug.xcconfig"; path = "Target Support Files/Pods-SNAP/Pods-SNAP.debug.xcconfig"; sourceTree = "<group>"; };
		A6B88ABB7CC011A32E7B68BD /* Pods-SNAP.release.xcconfig */ = {isa = PBXFileReference; includeInIndex = 1; lastKnownFileType = text.xcconfig; name = "Pods-SNAP.release.xcconfig"; path = "Target Support Files/Pods-SNAP/Pods-SNAP.release.xcconfig"; sourceTree = "<group>"; };
		F1462D7B7405FC04199FD39A /* Pods_SNAP.framework */ = {isa = PBXFileReference; explicitFileType = wrapper.framework; includeInIndex = 0; path = Pods_SNAP.framework; sourceTree = BUILT_PRODUCTS_DIR; };
/* End PBXFileReference section */

/* Begin PBXFrameworksBuildPhase section */
		65BFAD572212D5F7002E08FC /* Frameworks */ = {
			isa = PBXFrameworksBuildPhase;
			buildActionMask = 2147483647;
			files = (
				5A97E27FE970ACF260A962CA /* Pods_SNAP.framework in Frameworks */,
			);
			runOnlyForDeploymentPostprocessing = 0;
		};
		65BFAD6D2212D5F8002E08FC /* Frameworks */ = {
			isa = PBXFrameworksBuildPhase;
			buildActionMask = 2147483647;
			files = (
				6EEA8CF047D123EA716ED380 /* Pods_SNAPTests.framework in Frameworks */,
			);
			runOnlyForDeploymentPostprocessing = 0;
		};
/* End PBXFrameworksBuildPhase section */

/* Begin PBXGroup section */
		65BFAD512212D5F7002E08FC = {
			isa = PBXGroup;
			children = (
				65BFAD5C2212D5F7002E08FC /* SNAP */,
				65BFAD732212D5F8002E08FC /* SNAPTests */,
				65BFAD5B2212D5F7002E08FC /* Products */,
				73C6A5307186699652254C11 /* Pods */,
				9B5F5DA67E3A8394001C3B4D /* Frameworks */,
			);
			sourceTree = "<group>";
		};
		65BFAD5B2212D5F7002E08FC /* Products */ = {
			isa = PBXGroup;
			children = (
				65BFAD5A2212D5F7002E08FC /* SNAP.app */,
				65BFAD702212D5F8002E08FC /* SNAPTests.xctest */,
			);
			name = Products;
			sourceTree = "<group>";
		};
		65BFAD5C2212D5F7002E08FC /* SNAP */ = {
			isa = PBXGroup;
			children = (
				65B61E6C2212E2C80048F980 /* First.storyboard */,
				65BFAD5D2212D5F7002E08FC /* AppDelegate.swift */,
				65BFAD5F2212D5F7002E08FC /* FirstViewController.swift */,
				65BFAD612212D5F7002E08FC /* SecondViewController.swift */,
				65BFAD632212D5F7002E08FC /* Main.storyboard */,
				65BFAD662212D5F8002E08FC /* Assets.xcassets */,
				65BFAD682212D5F8002E08FC /* LaunchScreen.storyboard */,
				65BFAD6B2212D5F8002E08FC /* Info.plist */,
				65FF3D302212DA680092C442 /* FirstViewControllerTests.swift */,
				65FF3D322212DB9F0092C442 /* TestCase.swift */,
				65B3E0082212E1060037CDCD /* TrailController.swift */,
			);
			path = SNAP;
			sourceTree = "<group>";
		};
		65BFAD732212D5F8002E08FC /* SNAPTests */ = {
			isa = PBXGroup;
			children = (
				65BFAD742212D5F8002E08FC /* SNAPTests.swift */,
				65BFAD762212D5F8002E08FC /* Info.plist */,
			);
			path = SNAPTests;
			sourceTree = "<group>";
		};
		73C6A5307186699652254C11 /* Pods */ = {
			isa = PBXGroup;
			children = (
				99D3B92A3C9A0C5C5899FD58 /* Pods-SNAP.debug.xcconfig */,
				A6B88ABB7CC011A32E7B68BD /* Pods-SNAP.release.xcconfig */,
				42F311A82BB85FC0D814A165 /* Pods-SNAPTests.debug.xcconfig */,
				265B18122BB656E94C654B49 /* Pods-SNAPTests.release.xcconfig */,
			);
			path = Pods;
			sourceTree = "<group>";
		};
		9B5F5DA67E3A8394001C3B4D /* Frameworks */ = {
			isa = PBXGroup;
			children = (
				F1462D7B7405FC04199FD39A /* Pods_SNAP.framework */,
				7CD5B5CDAB5DA15A166FF50E /* Pods_SNAPTests.framework */,
			);
			name = Frameworks;
			sourceTree = "<group>";
		};
/* End PBXGroup section */

/* Begin PBXNativeTarget section */
		65BFAD592212D5F7002E08FC /* SNAP */ = {
			isa = PBXNativeTarget;
			buildConfigurationList = 65BFAD792212D5F8002E08FC /* Build configuration list for PBXNativeTarget "SNAP" */;
			buildPhases = (
				E0A58151221C3158D79F2701 /* [CP] Check Pods Manifest.lock */,
				65BFAD562212D5F7002E08FC /* Sources */,
				65BFAD572212D5F7002E08FC /* Frameworks */,
				65BFAD582212D5F7002E08FC /* Resources */,
			);
			buildRules = (
			);
			dependencies = (
			);
			name = SNAP;
			productName = SNAP;
			productReference = 65BFAD5A2212D5F7002E08FC /* SNAP.app */;
			productType = "com.apple.product-type.application";
		};
		65BFAD6F2212D5F8002E08FC /* SNAPTests */ = {
			isa = PBXNativeTarget;
			buildConfigurationList = 65BFAD7C2212D5F8002E08FC /* Build configuration list for PBXNativeTarget "SNAPTests" */;
			buildPhases = (
				78709A36CFFF5556E9B3ABB2 /* [CP] Check Pods Manifest.lock */,
				65BFAD6C2212D5F8002E08FC /* Sources */,
				65BFAD6D2212D5F8002E08FC /* Frameworks */,
				65BFAD6E2212D5F8002E08FC /* Resources */,
				C46DAD670D417A26D6D8E5ED /* [CP] Embed Pods Frameworks */,
			);
			buildRules = (
			);
			dependencies = (
				65BFAD722212D5F8002E08FC /* PBXTargetDependency */,
			);
			name = SNAPTests;
			productName = SNAPTests;
			productReference = 65BFAD702212D5F8002E08FC /* SNAPTests.xctest */;
			productType = "com.apple.product-type.bundle.unit-test";
		};
/* End PBXNativeTarget section */

/* Begin PBXProject section */
		65BFAD522212D5F7002E08FC /* Project object */ = {
			isa = PBXProject;
			attributes = {
				LastSwiftUpdateCheck = 1010;
				LastUpgradeCheck = 1010;
				ORGANIZATIONNAME = "Wasith Theerapattrathamrong";
				TargetAttributes = {
					65BFAD592212D5F7002E08FC = {
						CreatedOnToolsVersion = 10.1;
					};
					65BFAD6F2212D5F8002E08FC = {
						CreatedOnToolsVersion = 10.1;
						TestTargetID = 65BFAD592212D5F7002E08FC;
					};
				};
			};
			buildConfigurationList = 65BFAD552212D5F7002E08FC /* Build configuration list for PBXProject "SNAP" */;
			compatibilityVersion = "Xcode 9.3";
			developmentRegion = en;
			hasScannedForEncodings = 0;
			knownRegions = (
				en,
				Base,
			);
			mainGroup = 65BFAD512212D5F7002E08FC;
			productRefGroup = 65BFAD5B2212D5F7002E08FC /* Products */;
			projectDirPath = "";
			projectRoot = "";
			targets = (
				65BFAD592212D5F7002E08FC /* SNAP */,
				65BFAD6F2212D5F8002E08FC /* SNAPTests */,
			);
		};
/* End PBXProject section */

/* Begin PBXResourcesBuildPhase section */
		65BFAD582212D5F7002E08FC /* Resources */ = {
			isa = PBXResourcesBuildPhase;
			buildActionMask = 2147483647;
			files = (
				65BFAD6A2212D5F8002E08FC /* LaunchScreen.storyboard in Resources */,
				65BFAD672212D5F8002E08FC /* Assets.xcassets in Resources */,
				65BFAD652212D5F7002E08FC /* Main.storyboard in Resources */,
				65B61E6D2212E2C80048F980 /* First.storyboard in Resources */,
			);
			runOnlyForDeploymentPostprocessing = 0;
		};
		65BFAD6E2212D5F8002E08FC /* Resources */ = {
			isa = PBXResourcesBuildPhase;
			buildActionMask = 2147483647;
			files = (
			);
			runOnlyForDeploymentPostprocessing = 0;
		};
/* End PBXResourcesBuildPhase section */

/* Begin PBXShellScriptBuildPhase section */
		78709A36CFFF5556E9B3ABB2 /* [CP] Check Pods Manifest.lock */ = {
			isa = PBXShellScriptBuildPhase;
			buildActionMask = 2147483647;
			files = (
			);
			inputFileListPaths = (
			);
			inputPaths = (
				"${PODS_PODFILE_DIR_PATH}/Podfile.lock",
				"${PODS_ROOT}/Manifest.lock",
			);
			name = "[CP] Check Pods Manifest.lock";
			outputFileListPaths = (
			);
			outputPaths = (
				"$(DERIVED_FILE_DIR)/Pods-SNAPTests-checkManifestLockResult.txt",
			);
			runOnlyForDeploymentPostprocessing = 0;
			shellPath = /bin/sh;
			shellScript = "diff \"${PODS_PODFILE_DIR_PATH}/Podfile.lock\" \"${PODS_ROOT}/Manifest.lock\" > /dev/null\nif [ $? != 0 ] ; then\n    # print error to STDERR\n    echo \"error: The sandbox is not in sync with the Podfile.lock. Run 'pod install' or update your CocoaPods installation.\" >&2\n    exit 1\nfi\n# This output is used by Xcode 'outputs' to avoid re-running this script phase.\necho \"SUCCESS\" > \"${SCRIPT_OUTPUT_FILE_0}\"\n";
			showEnvVarsInLog = 0;
		};
		C46DAD670D417A26D6D8E5ED /* [CP] Embed Pods Frameworks */ = {
			isa = PBXShellScriptBuildPhase;
			buildActionMask = 2147483647;
			files = (
			);
			inputFileListPaths = (
			);
			inputPaths = (
				"${PODS_ROOT}/Target Support Files/Pods-SNAPTests/Pods-SNAPTests-frameworks.sh",
				"${BUILT_PRODUCTS_DIR}/iOSSnapshotTestCase/FBSnapshotTestCase.framework",
			);
			name = "[CP] Embed Pods Frameworks";
			outputFileListPaths = (
			);
			outputPaths = (
				"${TARGET_BUILD_DIR}/${FRAMEWORKS_FOLDER_PATH}/FBSnapshotTestCase.framework",
			);
			runOnlyForDeploymentPostprocessing = 0;
			shellPath = /bin/sh;
			shellScript = "\"${PODS_ROOT}/Target Support Files/Pods-SNAPTests/Pods-SNAPTests-frameworks.sh\"\n";
			showEnvVarsInLog = 0;
		};
		E0A58151221C3158D79F2701 /* [CP] Check Pods Manifest.lock */ = {
			isa = PBXShellScriptBuildPhase;
			buildActionMask = 2147483647;
			files = (
			);
			inputFileListPaths = (
			);
			inputPaths = (
				"${PODS_PODFILE_DIR_PATH}/Podfile.lock",
				"${PODS_ROOT}/Manifest.lock",
			);
			name = "[CP] Check Pods Manifest.lock";
			outputFileListPaths = (
			);
			outputPaths = (
				"$(DERIVED_FILE_DIR)/Pods-SNAP-checkManifestLockResult.txt",
			);
			runOnlyForDeploymentPostprocessing = 0;
			shellPath = /bin/sh;
			shellScript = "diff \"${PODS_PODFILE_DIR_PATH}/Podfile.lock\" \"${PODS_ROOT}/Manifest.lock\" > /dev/null\nif [ $? != 0 ] ; then\n    # print error to STDERR\n    echo \"error: The sandbox is not in sync with the Podfile.lock. Run 'pod install' or update your CocoaPods installation.\" >&2\n    exit 1\nfi\n# This output is used by Xcode 'outputs' to avoid re-running this script phase.\necho \"SUCCESS\" > \"${SCRIPT_OUTPUT_FILE_0}\"\n";
			showEnvVarsInLog = 0;
		};
/* End PBXShellScriptBuildPhase section */

/* Begin PBXSourcesBuildPhase section */
		65BFAD562212D5F7002E08FC /* Sources */ = {
			isa = PBXSourcesBuildPhase;
			buildActionMask = 2147483647;
			files = (
				65BFAD622212D5F7002E08FC /* SecondViewController.swift in Sources */,
				65BFAD5E2212D5F7002E08FC /* AppDelegate.swift in Sources */,
				65BFAD602212D5F7002E08FC /* FirstViewController.swift in Sources */,
			);
			runOnlyForDeploymentPostprocessing = 0;
		};
		65BFAD6C2212D5F8002E08FC /* Sources */ = {
			isa = PBXSourcesBuildPhase;
			buildActionMask = 2147483647;
			files = (
				65B3E0092212E1060037CDCD /* TrailController.swift in Sources */,
				65BFAD752212D5F8002E08FC /* SNAPTests.swift in Sources */,
				65FF3D312212DA680092C442 /* FirstViewControllerTests.swift in Sources */,
				65FF3D332212DB9F0092C442 /* TestCase.swift in Sources */,
			);
			runOnlyForDeploymentPostprocessing = 0;
		};
/* End PBXSourcesBuildPhase section */

/* Begin PBXTargetDependency section */
		65BFAD722212D5F8002E08FC /* PBXTargetDependency */ = {
			isa = PBXTargetDependency;
			target = 65BFAD592212D5F7002E08FC /* SNAP */;
			targetProxy = 65BFAD712212D5F8002E08FC /* PBXContainerItemProxy */;
		};
/* End PBXTargetDependency section */

/* Begin PBXVariantGroup section */
		65BFAD632212D5F7002E08FC /* Main.storyboard */ = {
			isa = PBXVariantGroup;
			children = (
				65BFAD642212D5F7002E08FC /* Base */,
			);
			name = Main.storyboard;
			sourceTree = "<group>";
		};
		65BFAD682212D5F8002E08FC /* LaunchScreen.storyboard */ = {
			isa = PBXVariantGroup;
			children = (
				65BFAD692212D5F8002E08FC /* Base */,
			);
			name = LaunchScreen.storyboard;
			sourceTree = "<group>";
		};
/* End PBXVariantGroup section */

/* Begin XCBuildConfiguration section */
		65BFAD772212D5F8002E08FC /* Debug */ = {
			isa = XCBuildConfiguration;
			buildSettings = {
				ALWAYS_SEARCH_USER_PATHS = NO;
				CLANG_ANALYZER_NONNULL = YES;
				CLANG_ANALYZER_NUMBER_OBJECT_CONVERSION = YES_AGGRESSIVE;
				CLANG_CXX_LANGUAGE_STANDARD = "gnu++14";
				CLANG_CXX_LIBRARY = "libc++";
				CLANG_ENABLE_MODULES = YES;
				CLANG_ENABLE_OBJC_ARC = YES;
				CLANG_ENABLE_OBJC_WEAK = YES;
				CLANG_WARN_BLOCK_CAPTURE_AUTORELEASING = YES;
				CLANG_WARN_BOOL_CONVERSION = YES;
				CLANG_WARN_COMMA = YES;
				CLANG_WARN_CONSTANT_CONVERSION = YES;
				CLANG_WARN_DEPRECATED_OBJC_IMPLEMENTATIONS = YES;
				CLANG_WARN_DIRECT_OBJC_ISA_USAGE = YES_ERROR;
				CLANG_WARN_DOCUMENTATION_COMMENTS = YES;
				CLANG_WARN_EMPTY_BODY = YES;
				CLANG_WARN_ENUM_CONVERSION = YES;
				CLANG_WARN_INFINITE_RECURSION = YES;
				CLANG_WARN_INT_CONVERSION = YES;
				CLANG_WARN_NON_LITERAL_NULL_CONVERSION = YES;
				CLANG_WARN_OBJC_IMPLICIT_RETAIN_SELF = YES;
				CLANG_WARN_OBJC_LITERAL_CONVERSION = YES;
				CLANG_WARN_OBJC_ROOT_CLASS = YES_ERROR;
				CLANG_WARN_RANGE_LOOP_ANALYSIS = YES;
				CLANG_WARN_STRICT_PROTOTYPES = YES;
				CLANG_WARN_SUSPICIOUS_MOVE = YES;
				CLANG_WARN_UNGUARDED_AVAILABILITY = YES_AGGRESSIVE;
				CLANG_WARN_UNREACHABLE_CODE = YES;
				CLANG_WARN__DUPLICATE_METHOD_MATCH = YES;
				CODE_SIGN_IDENTITY = "iPhone Developer";
				COPY_PHASE_STRIP = NO;
				DEBUG_INFORMATION_FORMAT = dwarf;
				ENABLE_STRICT_OBJC_MSGSEND = YES;
				ENABLE_TESTABILITY = YES;
				GCC_C_LANGUAGE_STANDARD = gnu11;
				GCC_DYNAMIC_NO_PIC = NO;
				GCC_NO_COMMON_BLOCKS = YES;
				GCC_OPTIMIZATION_LEVEL = 0;
				GCC_PREPROCESSOR_DEFINITIONS = (
					"DEBUG=1",
					"$(inherited)",
				);
				GCC_WARN_64_TO_32_BIT_CONVERSION = YES;
				GCC_WARN_ABOUT_RETURN_TYPE = YES_ERROR;
				GCC_WARN_UNDECLARED_SELECTOR = YES;
				GCC_WARN_UNINITIALIZED_AUTOS = YES_AGGRESSIVE;
				GCC_WARN_UNUSED_FUNCTION = YES;
				GCC_WARN_UNUSED_VARIABLE = YES;
				IPHONEOS_DEPLOYMENT_TARGET = 12.1;
				MTL_ENABLE_DEBUG_INFO = INCLUDE_SOURCE;
				MTL_FAST_MATH = YES;
				ONLY_ACTIVE_ARCH = YES;
				SDKROOT = iphoneos;
				SWIFT_ACTIVE_COMPILATION_CONDITIONS = DEBUG;
				SWIFT_OPTIMIZATION_LEVEL = "-Onone";
			};
			name = Debug;
		};
		65BFAD782212D5F8002E08FC /* Release */ = {
			isa = XCBuildConfiguration;
			buildSettings = {
				ALWAYS_SEARCH_USER_PATHS = NO;
				CLANG_ANALYZER_NONNULL = YES;
				CLANG_ANALYZER_NUMBER_OBJECT_CONVERSION = YES_AGGRESSIVE;
				CLANG_CXX_LANGUAGE_STANDARD = "gnu++14";
				CLANG_CXX_LIBRARY = "libc++";
				CLANG_ENABLE_MODULES = YES;
				CLANG_ENABLE_OBJC_ARC = YES;
				CLANG_ENABLE_OBJC_WEAK = YES;
				CLANG_WARN_BLOCK_CAPTURE_AUTORELEASING = YES;
				CLANG_WARN_BOOL_CONVERSION = YES;
				CLANG_WARN_COMMA = YES;
				CLANG_WARN_CONSTANT_CONVERSION = YES;
				CLANG_WARN_DEPRECATED_OBJC_IMPLEMENTATIONS = YES;
				CLANG_WARN_DIRECT_OBJC_ISA_USAGE = YES_ERROR;
				CLANG_WARN_DOCUMENTATION_COMMENTS = YES;
				CLANG_WARN_EMPTY_BODY = YES;
				CLANG_WARN_ENUM_CONVERSION = YES;
				CLANG_WARN_INFINITE_RECURSION = YES;
				CLANG_WARN_INT_CONVERSION = YES;
				CLANG_WARN_NON_LITERAL_NULL_CONVERSION = YES;
				CLANG_WARN_OBJC_IMPLICIT_RETAIN_SELF = YES;
				CLANG_WARN_OBJC_LITERAL_CONVERSION = YES;
				CLANG_WARN_OBJC_ROOT_CLASS = YES_ERROR;
				CLANG_WARN_RANGE_LOOP_ANALYSIS = YES;
				CLANG_WARN_STRICT_PROTOTYPES = YES;
				CLANG_WARN_SUSPICIOUS_MOVE = YES;
				CLANG_WARN_UNGUARDED_AVAILABILITY = YES_AGGRESSIVE;
				CLANG_WARN_UNREACHABLE_CODE = YES;
				CLANG_WARN__DUPLICATE_METHOD_MATCH = YES;
				CODE_SIGN_IDENTITY = "iPhone Developer";
				COPY_PHASE_STRIP = NO;
				DEBUG_INFORMATION_FORMAT = "dwarf-with-dsym";
				ENABLE_NS_ASSERTIONS = NO;
				ENABLE_STRICT_OBJC_MSGSEND = YES;
				GCC_C_LANGUAGE_STANDARD = gnu11;
				GCC_NO_COMMON_BLOCKS = YES;
				GCC_WARN_64_TO_32_BIT_CONVERSION = YES;
				GCC_WARN_ABOUT_RETURN_TYPE = YES_ERROR;
				GCC_WARN_UNDECLARED_SELECTOR = YES;
				GCC_WARN_UNINITIALIZED_AUTOS = YES_AGGRESSIVE;
				GCC_WARN_UNUSED_FUNCTION = YES;
				GCC_WARN_UNUSED_VARIABLE = YES;
				IPHONEOS_DEPLOYMENT_TARGET = 12.1;
				MTL_ENABLE_DEBUG_INFO = NO;
				MTL_FAST_MATH = YES;
				SDKROOT = iphoneos;
				SWIFT_COMPILATION_MODE = wholemodule;
				SWIFT_OPTIMIZATION_LEVEL = "-O";
				VALIDATE_PRODUCT = YES;
			};
			name = Release;
		};
		65BFAD7A2212D5F8002E08FC /* Debug */ = {
			isa = XCBuildConfiguration;
			baseConfigurationReference = 99D3B92A3C9A0C5C5899FD58 /* Pods-SNAP.debug.xcconfig */;
			buildSettings = {
				ASSETCATALOG_COMPILER_APPICON_NAME = AppIcon;
				CODE_SIGN_STYLE = Automatic;
				INFOPLIST_FILE = SNAP/Info.plist;
				LD_RUNPATH_SEARCH_PATHS = (
					"$(inherited)",
					"@executable_path/Frameworks",
				);
				PRODUCT_BUNDLE_IDENTIFIER = com.github.ph9.SNAP;
				PRODUCT_NAME = "$(TARGET_NAME)";
				SWIFT_VERSION = 4.2;
				TARGETED_DEVICE_FAMILY = "1,2";
			};
			name = Debug;
		};
		65BFAD7B2212D5F8002E08FC /* Release */ = {
			isa = XCBuildConfiguration;
			baseConfigurationReference = A6B88ABB7CC011A32E7B68BD /* Pods-SNAP.release.xcconfig */;
			buildSettings = {
				ASSETCATALOG_COMPILER_APPICON_NAME = AppIcon;
				CODE_SIGN_STYLE = Automatic;
				INFOPLIST_FILE = SNAP/Info.plist;
				LD_RUNPATH_SEARCH_PATHS = (
					"$(inherited)",
					"@executable_path/Frameworks",
				);
				PRODUCT_BUNDLE_IDENTIFIER = com.github.ph9.SNAP;
				PRODUCT_NAME = "$(TARGET_NAME)";
				SWIFT_VERSION = 4.2;
				TARGETED_DEVICE_FAMILY = "1,2";
			};
			name = Release;
		};
		65BFAD7D2212D5F8002E08FC /* Debug */ = {
			isa = XCBuildConfiguration;
			baseConfigurationReference = 42F311A82BB85FC0D814A165 /* Pods-SNAPTests.debug.xcconfig */;
			buildSettings = {
				ALWAYS_EMBED_SWIFT_STANDARD_LIBRARIES = "$(inherited)";
				BUNDLE_LOADER = "$(TEST_HOST)";
				CODE_SIGN_STYLE = Automatic;
				INFOPLIST_FILE = SNAPTests/Info.plist;
				LD_RUNPATH_SEARCH_PATHS = (
					"$(inherited)",
					"@executable_path/Frameworks",
					"@loader_path/Frameworks",
				);
				PRODUCT_BUNDLE_IDENTIFIER = com.github.ph9.SNAPTests;
				PRODUCT_NAME = "$(TARGET_NAME)";
				SWIFT_VERSION = 4.2;
				TARGETED_DEVICE_FAMILY = "1,2";
				TEST_HOST = "$(BUILT_PRODUCTS_DIR)/SNAP.app/SNAP";
			};
			name = Debug;
		};
		65BFAD7E2212D5F8002E08FC /* Release */ = {
			isa = XCBuildConfiguration;
			baseConfigurationReference = 265B18122BB656E94C654B49 /* Pods-SNAPTests.release.xcconfig */;
			buildSettings = {
				ALWAYS_EMBED_SWIFT_STANDARD_LIBRARIES = "$(inherited)";
				BUNDLE_LOADER = "$(TEST_HOST)";
				CODE_SIGN_STYLE = Automatic;
				INFOPLIST_FILE = SNAPTests/Info.plist;
				LD_RUNPATH_SEARCH_PATHS = (
					"$(inherited)",
					"@executable_path/Frameworks",
					"@loader_path/Frameworks",
				);
				PRODUCT_BUNDLE_IDENTIFIER = com.github.ph9.SNAPTests;
				PRODUCT_NAME = "$(TARGET_NAME)";
				SWIFT_VERSION = 4.2;
				TARGETED_DEVICE_FAMILY = "1,2";
				TEST_HOST = "$(BUILT_PRODUCTS_DIR)/SNAP.app/SNAP";
			};
			name = Release;
		};
/* End XCBuildConfiguration section */

/* Begin XCConfigurationList section */
		65BFAD552212D5F7002E08FC /* Build configuration list for PBXProject "SNAP" */ = {
			isa = XCConfigurationList;
			buildConfigurations = (
				65BFAD772212D5F8002E08FC /* Debug */,
				65BFAD782212D5F8002E08FC /* Release */,
			);
			defaultConfigurationIsVisible = 0;
			defaultConfigurationName = Release;
		};
		65BFAD792212D5F8002E08FC /* Build configuration list for PBXNativeTarget "SNAP" */ = {
			isa = XCConfigurationList;
			buildConfigurations = (
				65BFAD7A2212D5F8002E08FC /* Debug */,
				65BFAD7B2212D5F8002E08FC /* Release */,
			);
			defaultConfigurationIsVisible = 0;
			defaultConfigurationName = Release;
		};
		65BFAD7C2212D5F8002E08FC /* Build configuration list for PBXNativeTarget "SNAPTests" */ = {
			isa = XCConfigurationList;
			buildConfigurations = (
				65BFAD7D2212D5F8002E08FC /* Debug */,
				65BFAD7E2212D5F8002E08FC /* Release */,
			);
			defaultConfigurationIsVisible = 0;
			defaultConfigurationName = Release;
		};
/* End XCConfigurationList section */
	};
	rootObject = 65BFAD522212D5F7002E08FC /* Project object */;
}
